// !$*UTF8*$!
{
	archiveVersion = 1;
	classes = {
	};
	objectVersion = 55;
	objects = {

/* Begin PBXBuildFile section */
		1C1491D0286DD64600666F38 /* StateShapesMomento.swift in Sources */ = {isa = PBXBuildFile; fileRef = 1C1491CF286DD64600666F38 /* StateShapesMomento.swift */; };
		1C1491D2286DD6ED00666F38 /* ShapesManager.swift in Sources */ = {isa = PBXBuildFile; fileRef = 1C1491D1286DD6ED00666F38 /* ShapesManager.swift */; };
		1C1491D4286DDA3100666F38 /* CarrierState.swift in Sources */ = {isa = PBXBuildFile; fileRef = 1C1491D3286DDA3100666F38 /* CarrierState.swift */; };
		1C1491D6286DDCD800666F38 /* DrawView.swift in Sources */ = {isa = PBXBuildFile; fileRef = 1C1491D5286DDCD800666F38 /* DrawView.swift */; };
		1C60159F286D777400474005 /* ShapeFactory.swift in Sources */ = {isa = PBXBuildFile; fileRef = 1C60159E286D777400474005 /* ShapeFactory.swift */; };
		1C6015A1286D78F800474005 /* LineFactory.swift in Sources */ = {isa = PBXBuildFile; fileRef = 1C6015A0286D78F800474005 /* LineFactory.swift */; };
		1C6015A3286D790900474005 /* RectangleFactory.swift in Sources */ = {isa = PBXBuildFile; fileRef = 1C6015A2286D790900474005 /* RectangleFactory.swift */; };
		1C6015A5286D791B00474005 /* TriangleFactory.swift in Sources */ = {isa = PBXBuildFile; fileRef = 1C6015A4286D791B00474005 /* TriangleFactory.swift */; };
		1C6015A7286D793500474005 /* CircleFactory.swift in Sources */ = {isa = PBXBuildFile; fileRef = 1C6015A6286D793500474005 /* CircleFactory.swift */; };
		1C6259CF28534B9300378592 /* AppDelegate.swift in Sources */ = {isa = PBXBuildFile; fileRef = 1C6259CE28534B9300378592 /* AppDelegate.swift */; };
		1C6259D128534B9300378592 /* SceneDelegate.swift in Sources */ = {isa = PBXBuildFile; fileRef = 1C6259D028534B9300378592 /* SceneDelegate.swift */; };
		1C6259D328534B9300378592 /* ViewController.swift in Sources */ = {isa = PBXBuildFile; fileRef = 1C6259D228534B9300378592 /* ViewController.swift */; };
		1C6259D628534B9300378592 /* Main.storyboard in Resources */ = {isa = PBXBuildFile; fileRef = 1C6259D428534B9300378592 /* Main.storyboard */; };
		1C6259D828534B9400378592 /* Assets.xcassets in Resources */ = {isa = PBXBuildFile; fileRef = 1C6259D728534B9400378592 /* Assets.xcassets */; };
		1C6259DB28534B9400378592 /* LaunchScreen.storyboard in Resources */ = {isa = PBXBuildFile; fileRef = 1C6259D928534B9400378592 /* LaunchScreen.storyboard */; };
		1C6259EB2854985000378592 /* Shape.swift in Sources */ = {isa = PBXBuildFile; fileRef = 1C6259EA2854985000378592 /* Shape.swift */; };
		1CEF3A8A2859D87300BE6567 /* CanvasView.swift in Sources */ = {isa = PBXBuildFile; fileRef = 1CEF3A892859D87300BE6567 /* CanvasView.swift */; };
/* End PBXBuildFile section */

/* Begin PBXFileReference section */
		1C1491CF286DD64600666F38 /* StateShapesMomento.swift */ = {isa = PBXFileReference; lastKnownFileType = sourcecode.swift; path = StateShapesMomento.swift; sourceTree = "<group>"; };
		1C1491D1286DD6ED00666F38 /* ShapesManager.swift */ = {isa = PBXFileReference; lastKnownFileType = sourcecode.swift; path = ShapesManager.swift; sourceTree = "<group>"; };
		1C1491D3286DDA3100666F38 /* CarrierState.swift */ = {isa = PBXFileReference; lastKnownFileType = sourcecode.swift; path = CarrierState.swift; sourceTree = "<group>"; };
		1C1491D5286DDCD800666F38 /* DrawView.swift */ = {isa = PBXFileReference; lastKnownFileType = sourcecode.swift; path = DrawView.swift; sourceTree = "<group>"; };
		1C60159E286D777400474005 /* ShapeFactory.swift */ = {isa = PBXFileReference; lastKnownFileType = sourcecode.swift; path = ShapeFactory.swift; sourceTree = "<group>"; };
		1C6015A0286D78F800474005 /* LineFactory.swift */ = {isa = PBXFileReference; lastKnownFileType = sourcecode.swift; path = LineFactory.swift; sourceTree = "<group>"; };
		1C6015A2286D790900474005 /* RectangleFactory.swift */ = {isa = PBXFileReference; lastKnownFileType = sourcecode.swift; path = RectangleFactory.swift; sourceTree = "<group>"; };
		1C6015A4286D791B00474005 /* TriangleFactory.swift */ = {isa = PBXFileReference; lastKnownFileType = sourcecode.swift; path = TriangleFactory.swift; sourceTree = "<group>"; };
		1C6015A6286D793500474005 /* CircleFactory.swift */ = {isa = PBXFileReference; lastKnownFileType = sourcecode.swift; path = CircleFactory.swift; sourceTree = "<group>"; };
		1C6259CB28534B9300378592 /* PaintApp.app */ = {isa = PBXFileReference; explicitFileType = wrapper.application; includeInIndex = 0; path = PaintApp.app; sourceTree = BUILT_PRODUCTS_DIR; };
		1C6259CE28534B9300378592 /* AppDelegate.swift */ = {isa = PBXFileReference; lastKnownFileType = sourcecode.swift; path = AppDelegate.swift; sourceTree = "<group>"; };
		1C6259D028534B9300378592 /* SceneDelegate.swift */ = {isa = PBXFileReference; lastKnownFileType = sourcecode.swift; path = SceneDelegate.swift; sourceTree = "<group>"; };
		1C6259D228534B9300378592 /* ViewController.swift */ = {isa = PBXFileReference; lastKnownFileType = sourcecode.swift; path = ViewController.swift; sourceTree = "<group>"; };
		1C6259D528534B9300378592 /* Base */ = {isa = PBXFileReference; lastKnownFileType = file.storyboard; name = Base; path = Base.lproj/Main.storyboard; sourceTree = "<group>"; };
		1C6259D728534B9400378592 /* Assets.xcassets */ = {isa = PBXFileReference; lastKnownFileType = folder.assetcatalog; path = Assets.xcassets; sourceTree = "<group>"; };
		1C6259DA28534B9400378592 /* Base */ = {isa = PBXFileReference; lastKnownFileType = file.storyboard; name = Base; path = Base.lproj/LaunchScreen.storyboard; sourceTree = "<group>"; };
		1C6259DC28534B9400378592 /* Info.plist */ = {isa = PBXFileReference; lastKnownFileType = text.plist.xml; path = Info.plist; sourceTree = "<group>"; };
		1C6259EA2854985000378592 /* Shape.swift */ = {isa = PBXFileReference; lastKnownFileType = sourcecode.swift; path = Shape.swift; sourceTree = "<group>"; };
		1CEF3A892859D87300BE6567 /* CanvasView.swift */ = {isa = PBXFileReference; lastKnownFileType = sourcecode.swift; path = CanvasView.swift; sourceTree = "<group>"; };
/* End PBXFileReference section */

/* Begin PBXFrameworksBuildPhase section */
		1C6259C828534B9300378592 /* Frameworks */ = {
			isa = PBXFrameworksBuildPhase;
			buildActionMask = 2147483647;
			files = (
			);
			runOnlyForDeploymentPostprocessing = 0;
		};
/* End PBXFrameworksBuildPhase section */

/* Begin PBXGroup section */
		1C60159D286D775000474005 /* ShapeFactory */ = {
			isa = PBXGroup;
			children = (
				1C60159E286D777400474005 /* ShapeFactory.swift */,
				1C6015A0286D78F800474005 /* LineFactory.swift */,
				1C6015A2286D790900474005 /* RectangleFactory.swift */,
				1C6015A4286D791B00474005 /* TriangleFactory.swift */,
				1C6015A6286D793500474005 /* CircleFactory.swift */,
			);
			path = ShapeFactory;
			sourceTree = "<group>";
		};
		1C6259C228534B9300378592 = {
			isa = PBXGroup;
			children = (
				1C6259CD28534B9300378592 /* PaintApp */,
				1C6259CC28534B9300378592 /* Products */,
			);
			sourceTree = "<group>";
		};
		1C6259CC28534B9300378592 /* Products */ = {
			isa = PBXGroup;
			children = (
				1C6259CB28534B9300378592 /* PaintApp.app */,
			);
			name = Products;
			sourceTree = "<group>";
		};
		1C6259CD28534B9300378592 /* PaintApp */ = {
			isa = PBXGroup;
			children = (
				1C60159D286D775000474005 /* ShapeFactory */,
				1C6259ED2854A17D00378592 /* Controllers */,
				1C6259EC2854A17100378592 /* Views */,
				1C6259D428534B9300378592 /* Main.storyboard */,
				1C6259E72854770100378592 /* Additional Info */,
				1C6259D728534B9400378592 /* Assets.xcassets */,
				1C6259DC28534B9400378592 /* Info.plist */,
				1C1491CF286DD64600666F38 /* StateShapesMomento.swift */,
				1C1491D1286DD6ED00666F38 /* ShapesManager.swift */,
				1C1491D3286DDA3100666F38 /* CarrierState.swift */,
				1C1491D5286DDCD800666F38 /* DrawView.swift */,
			);
			path = PaintApp;
			sourceTree = "<group>";
		};
		1C6259E72854770100378592 /* Additional Info */ = {
			isa = PBXGroup;
			children = (
				1C6259D028534B9300378592 /* SceneDelegate.swift */,
				1C6259CE28534B9300378592 /* AppDelegate.swift */,
				1C6259D928534B9400378592 /* LaunchScreen.storyboard */,
			);
			path = "Additional Info";
			sourceTree = "<group>";
		};
		1C6259EC2854A17100378592 /* Views */ = {
			isa = PBXGroup;
			children = (
				1C6259EA2854985000378592 /* Shape.swift */,
				1CEF3A892859D87300BE6567 /* CanvasView.swift */,
			);
			path = Views;
			sourceTree = "<group>";
		};
		1C6259ED2854A17D00378592 /* Controllers */ = {
			isa = PBXGroup;
			children = (
				1C6259D228534B9300378592 /* ViewController.swift */,
			);
			path = Controllers;
			sourceTree = "<group>";
		};
/* End PBXGroup section */

/* Begin PBXNativeTarget section */
		1C6259CA28534B9300378592 /* PaintApp */ = {
			isa = PBXNativeTarget;
			buildConfigurationList = 1C6259DF28534B9400378592 /* Build configuration list for PBXNativeTarget "PaintApp" */;
			buildPhases = (
				1C6259C728534B9300378592 /* Sources */,
				1C6259C828534B9300378592 /* Frameworks */,
				1C6259C928534B9300378592 /* Resources */,
			);
			buildRules = (
			);
			dependencies = (
			);
			name = PaintApp;
			productName = PaintApp;
			productReference = 1C6259CB28534B9300378592 /* PaintApp.app */;
			productType = "com.apple.product-type.application";
		};
/* End PBXNativeTarget section */

/* Begin PBXProject section */
		1C6259C328534B9300378592 /* Project object */ = {
			isa = PBXProject;
			attributes = {
				BuildIndependentTargetsInParallel = 1;
				LastSwiftUpdateCheck = 1330;
				LastUpgradeCheck = 1330;
				TargetAttributes = {
					1C6259CA28534B9300378592 = {
						CreatedOnToolsVersion = 13.3.1;
					};
				};
			};
			buildConfigurationList = 1C6259C628534B9300378592 /* Build configuration list for PBXProject "PaintApp" */;
			compatibilityVersion = "Xcode 13.0";
			developmentRegion = en;
			hasScannedForEncodings = 0;
			knownRegions = (
				en,
				Base,
			);
			mainGroup = 1C6259C228534B9300378592;
			productRefGroup = 1C6259CC28534B9300378592 /* Products */;
			projectDirPath = "";
			projectRoot = "";
			targets = (
				1C6259CA28534B9300378592 /* PaintApp */,
			);
		};
/* End PBXProject section */

/* Begin PBXResourcesBuildPhase section */
		1C6259C928534B9300378592 /* Resources */ = {
			isa = PBXResourcesBuildPhase;
			buildActionMask = 2147483647;
			files = (
				1C6259DB28534B9400378592 /* LaunchScreen.storyboard in Resources */,
				1C6259D828534B9400378592 /* Assets.xcassets in Resources */,
				1C6259D628534B9300378592 /* Main.storyboard in Resources */,
			);
			runOnlyForDeploymentPostprocessing = 0;
		};
/* End PBXResourcesBuildPhase section */

/* Begin PBXSourcesBuildPhase section */
		1C6259C728534B9300378592 /* Sources */ = {
			isa = PBXSourcesBuildPhase;
			buildActionMask = 2147483647;
			files = (
				1C60159F286D777400474005 /* ShapeFactory.swift in Sources */,
				1C6015A5286D791B00474005 /* TriangleFactory.swift in Sources */,
				1CEF3A8A2859D87300BE6567 /* CanvasView.swift in Sources */,
				1C6259D328534B9300378592 /* ViewController.swift in Sources */,
				1C6015A1286D78F800474005 /* LineFactory.swift in Sources */,
				1C1491D2286DD6ED00666F38 /* ShapesManager.swift in Sources */,
				1C6259CF28534B9300378592 /* AppDelegate.swift in Sources */,
				1C6015A7286D793500474005 /* CircleFactory.swift in Sources */,
				1C6259D128534B9300378592 /* SceneDelegate.swift in Sources */,
				1C1491D4286DDA3100666F38 /* CarrierState.swift in Sources */,
				1C1491D6286DDCD800666F38 /* DrawView.swift in Sources */,
				1C6015A3286D790900474005 /* RectangleFactory.swift in Sources */,
				1C6259EB2854985000378592 /* Shape.swift in Sources */,
				1C1491D0286DD64600666F38 /* StateShapesMomento.swift in Sources */,
			);
			runOnlyForDeploymentPostprocessing = 0;
		};
/* End PBXSourcesBuildPhase section */

/* Begin PBXVariantGroup section */
		1C6259D428534B9300378592 /* Main.storyboard */ = {
			isa = PBXVariantGroup;
			children = (
				1C6259D528534B9300378592 /* Base */,
			);
			name = Main.storyboard;
			sourceTree = "<group>";
		};
		1C6259D928534B9400378592 /* LaunchScreen.storyboard */ = {
			isa = PBXVariantGroup;
			children = (
				1C6259DA28534B9400378592 /* Base */,
			);
			name = LaunchScreen.storyboard;
			sourceTree = "<group>";
		};
/* End PBXVariantGroup section */

/* Begin XCBuildConfiguration section */
		1C6259DD28534B9400378592 /* Debug */ = {
			isa = XCBuildConfiguration;
			buildSettings = {
				ALWAYS_SEARCH_USER_PATHS = NO;
				CLANG_ANALYZER_NONNULL = YES;
				CLANG_ANALYZER_NUMBER_OBJECT_CONVERSION = YES_AGGRESSIVE;
				CLANG_CXX_LANGUAGE_STANDARD = "gnu++17";
				CLANG_ENABLE_MODULES = YES;
				CLANG_ENABLE_OBJC_ARC = YES;
				CLANG_ENABLE_OBJC_WEAK = YES;
				CLANG_WARN_BLOCK_CAPTURE_AUTORELEASING = YES;
				CLANG_WARN_BOOL_CONVERSION = YES;
				CLANG_WARN_COMMA = YES;
				CLANG_WARN_CONSTANT_CONVERSION = YES;
				CLANG_WARN_DEPRECATED_OBJC_IMPLEMENTATIONS = YES;
				CLANG_WARN_DIRECT_OBJC_ISA_USAGE = YES_ERROR;
				CLANG_WARN_DOCUMENTATION_COMMENTS = YES;
				CLANG_WARN_EMPTY_BODY = YES;
				CLANG_WARN_ENUM_CONVERSION = YES;
				CLANG_WARN_INFINITE_RECURSION = YES;
				CLANG_WARN_INT_CONVERSION = YES;
				CLANG_WARN_NON_LITERAL_NULL_CONVERSION = YES;
				CLANG_WARN_OBJC_IMPLICIT_RETAIN_SELF = YES;
				CLANG_WARN_OBJC_LITERAL_CONVERSION = YES;
				CLANG_WARN_OBJC_ROOT_CLASS = YES_ERROR;
				CLANG_WARN_QUOTED_INCLUDE_IN_FRAMEWORK_HEADER = YES;
				CLANG_WARN_RANGE_LOOP_ANALYSIS = YES;
				CLANG_WARN_STRICT_PROTOTYPES = YES;
				CLANG_WARN_SUSPICIOUS_MOVE = YES;
				CLANG_WARN_UNGUARDED_AVAILABILITY = YES_AGGRESSIVE;
				CLANG_WARN_UNREACHABLE_CODE = YES;
				CLANG_WARN__DUPLICATE_METHOD_MATCH = YES;
				COPY_PHASE_STRIP = NO;
				DEBUG_INFORMATION_FORMAT = dwarf;
				ENABLE_STRICT_OBJC_MSGSEND = YES;
				ENABLE_TESTABILITY = YES;
				GCC_C_LANGUAGE_STANDARD = gnu11;
				GCC_DYNAMIC_NO_PIC = NO;
				GCC_NO_COMMON_BLOCKS = YES;
				GCC_OPTIMIZATION_LEVEL = 0;
				GCC_PREPROCESSOR_DEFINITIONS = (
					"DEBUG=1",
					"$(inherited)",
				);
				GCC_WARN_64_TO_32_BIT_CONVERSION = YES;
				GCC_WARN_ABOUT_RETURN_TYPE = YES_ERROR;
				GCC_WARN_UNDECLARED_SELECTOR = YES;
				GCC_WARN_UNINITIALIZED_AUTOS = YES_AGGRESSIVE;
				GCC_WARN_UNUSED_FUNCTION = YES;
				GCC_WARN_UNUSED_VARIABLE = YES;
				IPHONEOS_DEPLOYMENT_TARGET = 15.4;
				MTL_ENABLE_DEBUG_INFO = INCLUDE_SOURCE;
				MTL_FAST_MATH = YES;
				ONLY_ACTIVE_ARCH = YES;
				SDKROOT = iphoneos;
				SWIFT_ACTIVE_COMPILATION_CONDITIONS = DEBUG;
				SWIFT_OPTIMIZATION_LEVEL = "-Onone";
			};
			name = Debug;
		};
		1C6259DE28534B9400378592 /* Release */ = {
			isa = XCBuildConfiguration;
			buildSettings = {
				ALWAYS_SEARCH_USER_PATHS = NO;
				CLANG_ANALYZER_NONNULL = YES;
				CLANG_ANALYZER_NUMBER_OBJECT_CONVERSION = YES_AGGRESSIVE;
				CLANG_CXX_LANGUAGE_STANDARD = "gnu++17";
				CLANG_ENABLE_MODULES = YES;
				CLANG_ENABLE_OBJC_ARC = YES;
				CLANG_ENABLE_OBJC_WEAK = YES;
				CLANG_WARN_BLOCK_CAPTURE_AUTORELEASING = YES;
				CLANG_WARN_BOOL_CONVERSION = YES;
				CLANG_WARN_COMMA = YES;
				CLANG_WARN_CONSTANT_CONVERSION = YES;
				CLANG_WARN_DEPRECATED_OBJC_IMPLEMENTATIONS = YES;
				CLANG_WARN_DIRECT_OBJC_ISA_USAGE = YES_ERROR;
				CLANG_WARN_DOCUMENTATION_COMMENTS = YES;
				CLANG_WARN_EMPTY_BODY = YES;
				CLANG_WARN_ENUM_CONVERSION = YES;
				CLANG_WARN_INFINITE_RECURSION = YES;
				CLANG_WARN_INT_CONVERSION = YES;
				CLANG_WARN_NON_LITERAL_NULL_CONVERSION = YES;
				CLANG_WARN_OBJC_IMPLICIT_RETAIN_SELF = YES;
				CLANG_WARN_OBJC_LITERAL_CONVERSION = YES;
				CLANG_WARN_OBJC_ROOT_CLASS = YES_ERROR;
				CLANG_WARN_QUOTED_INCLUDE_IN_FRAMEWORK_HEADER = YES;
				CLANG_WARN_RANGE_LOOP_ANALYSIS = YES;
				CLANG_WARN_STRICT_PROTOTYPES = YES;
				CLANG_WARN_SUSPICIOUS_MOVE = YES;
				CLANG_WARN_UNGUARDED_AVAILABILITY = YES_AGGRESSIVE;
				CLANG_WARN_UNREACHABLE_CODE = YES;
				CLANG_WARN__DUPLICATE_METHOD_MATCH = YES;
				COPY_PHASE_STRIP = NO;
				DEBUG_INFORMATION_FORMAT = "dwarf-with-dsym";
				ENABLE_NS_ASSERTIONS = NO;
				ENABLE_STRICT_OBJC_MSGSEND = YES;
				GCC_C_LANGUAGE_STANDARD = gnu11;
				GCC_NO_COMMON_BLOCKS = YES;
				GCC_WARN_64_TO_32_BIT_CONVERSION = YES;
				GCC_WARN_ABOUT_RETURN_TYPE = YES_ERROR;
				GCC_WARN_UNDECLARED_SELECTOR = YES;
				GCC_WARN_UNINITIALIZED_AUTOS = YES_AGGRESSIVE;
				GCC_WARN_UNUSED_FUNCTION = YES;
				GCC_WARN_UNUSED_VARIABLE = YES;
				IPHONEOS_DEPLOYMENT_TARGET = 15.4;
				MTL_ENABLE_DEBUG_INFO = NO;
				MTL_FAST_MATH = YES;
				SDKROOT = iphoneos;
				SWIFT_COMPILATION_MODE = wholemodule;
				SWIFT_OPTIMIZATION_LEVEL = "-O";
				VALIDATE_PRODUCT = YES;
			};
			name = Release;
		};
		1C6259E028534B9400378592 /* Debug */ = {
			isa = XCBuildConfiguration;
			buildSettings = {
				ASSETCATALOG_COMPILER_APPICON_NAME = AppIcon;
				ASSETCATALOG_COMPILER_GLOBAL_ACCENT_COLOR_NAME = AccentColor;
				CODE_SIGN_STYLE = Automatic;
				CURRENT_PROJECT_VERSION = 1;
				DEVELOPMENT_TEAM = 8929LKR6YS;
				GENERATE_INFOPLIST_FILE = YES;
				INFOPLIST_FILE = PaintApp/Info.plist;
				INFOPLIST_KEY_UIApplicationSupportsIndirectInputEvents = YES;
				INFOPLIST_KEY_UILaunchStoryboardName = LaunchScreen;
				INFOPLIST_KEY_UIMainStoryboardFile = Main;
				INFOPLIST_KEY_UISupportedInterfaceOrientations_iPad = "UIInterfaceOrientationPortrait UIInterfaceOrientationPortraitUpsideDown UIInterfaceOrientationLandscapeLeft UIInterfaceOrientationLandscapeRight";
				INFOPLIST_KEY_UISupportedInterfaceOrientations_iPhone = "UIInterfaceOrientationPortrait UIInterfaceOrientationLandscapeLeft UIInterfaceOrientationLandscapeRight";
				LD_RUNPATH_SEARCH_PATHS = (
					"$(inherited)",
					"@executable_path/Frameworks",
				);
				MARKETING_VERSION = 1.0;
				PRODUCT_BUNDLE_IDENTIFIER = aida.PaintApp;
				PRODUCT_NAME = "$(TARGET_NAME)";
				SWIFT_EMIT_LOC_STRINGS = YES;
				SWIFT_VERSION = 5.0;
				TARGETED_DEVICE_FAMILY = "1,2";
			};
			name = Debug;
		};
		1C6259E128534B9400378592 /* Release */ = {
			isa = XCBuildConfiguration;
			buildSettings = {
				ASSETCATALOG_COMPILER_APPICON_NAME = AppIcon;
				ASSETCATALOG_COMPILER_GLOBAL_ACCENT_COLOR_NAME = AccentColor;
				CODE_SIGN_STYLE = Automatic;
				CURRENT_PROJECT_VERSION = 1;
				DEVELOPMENT_TEAM = 8929LKR6YS;
				GENERATE_INFOPLIST_FILE = YES;
				INFOPLIST_FILE = PaintApp/Info.plist;
				INFOPLIST_KEY_UIApplicationSupportsIndirectInputEvents = YES;
				INFOPLIST_KEY_UILaunchStoryboardName = LaunchScreen;
				INFOPLIST_KEY_UIMainStoryboardFile = Main;
				INFOPLIST_KEY_UISupportedInterfaceOrientations_iPad = "UIInterfaceOrientationPortrait UIInterfaceOrientationPortraitUpsideDown UIInterfaceOrientationLandscapeLeft UIInterfaceOrientationLandscapeRight";
				INFOPLIST_KEY_UISupportedInterfaceOrientations_iPhone = "UIInterfaceOrientationPortrait UIInterfaceOrientationLandscapeLeft UIInterfaceOrientationLandscapeRight";
				LD_RUNPATH_SEARCH_PATHS = (
					"$(inherited)",
					"@executable_path/Frameworks",
				);
				MARKETING_VERSION = 1.0;
				PRODUCT_BUNDLE_IDENTIFIER = aida.PaintApp;
				PRODUCT_NAME = "$(TARGET_NAME)";
				SWIFT_EMIT_LOC_STRINGS = YES;
				SWIFT_VERSION = 5.0;
				TARGETED_DEVICE_FAMILY = "1,2";
			};
			name = Release;
		};
/* End XCBuildConfiguration section */

/* Begin XCConfigurationList section */
		1C6259C628534B9300378592 /* Build configuration list for PBXProject "PaintApp" */ = {
			isa = XCConfigurationList;
			buildConfigurations = (
				1C6259DD28534B9400378592 /* Debug */,
				1C6259DE28534B9400378592 /* Release */,
			);
			defaultConfigurationIsVisible = 0;
			defaultConfigurationName = Release;
		};
		1C6259DF28534B9400378592 /* Build configuration list for PBXNativeTarget "PaintApp" */ = {
			isa = XCConfigurationList;
			buildConfigurations = (
				1C6259E028534B9400378592 /* Debug */,
				1C6259E128534B9400378592 /* Release */,
			);
			defaultConfigurationIsVisible = 0;
			defaultConfigurationName = Release;
		};
/* End XCConfigurationList section */
	};
	rootObject = 1C6259C328534B9300378592 /* Project object */;
}
